
Microsoft Visual Studio Solution File, Format Version 12.00
# Visual Studio Version 17
VisualStudioVersion = 17.10.35027.167
MinimumVisualStudioVersion = 10.0.40219.1
Project("{FAE04EC0-301F-11D3-BF4B-00C04F79EFBC}") = "OnlineStoreSystem", "OnlineStoreSystem\OnlineStoreSystem.csproj", "{B9364B43-08FD-4331-A61F-47AF6861C95E}"
EndProject
Project("{2150E333-8FDC-42A3-9474-1A3956D46DE8}") = "src", "src", "{02EA681E-C7D8-13C7-8484-4AC65E1B71E8}"
EndProject
Project("{2150E333-8FDC-42A3-9474-1A3956D46DE8}") = "API", "API", "{89B40265-99B9-486A-B15D-20168B865DA3}"
EndProject
Project("{2150E333-8FDC-42A3-9474-1A3956D46DE8}") = "Core", "Core", "{A431838A-A953-4363-B409-09D51650B240}"
EndProject
Project("{2150E333-8FDC-42A3-9474-1A3956D46DE8}") = "Infrastructure", "Infrastructure", "{7D2FC793-305E-4B6B-A3ED-2193C317745A}"
EndProject
Project("{2150E333-8FDC-42A3-9474-1A3956D46DE8}") = "UI", "UI", "{5323ED5B-8979-4331-B0A2-FE4BA0A9BB03}"
EndProject
Project("{FAE04EC0-301F-11D3-BF4B-00C04F79EFBC}") = "OnlineStoreSystem.API", "src\API\OnlineStoreSystem.API\OnlineStoreSystem.API.csproj", "{C6FD2525-6456-4F81-A49D-213F2C09C18D}"
EndProject
Project("{FAE04EC0-301F-11D3-BF4B-00C04F79EFBC}") = "OnlineStoreSystem.Domain", "src\Core\OnlineStoreSystem.Domain\OnlineStoreSystem.Domain.csproj", "{7FFBF6F7-A87F-4793-B831-A796D26BF8E0}"
EndProject
Project("{FAE04EC0-301F-11D3-BF4B-00C04F79EFBC}") = "OnlineStoreSystem.Application", "src\Core\OnlineStoreSystem.Application\OnlineStoreSystem.Application.csproj", "{E2F2CD76-FC6A-4115-9F62-73B800C3DCE8}"
EndProject
Project("{FAE04EC0-301F-11D3-BF4B-00C04F79EFBC}") = "OnlineStoreSystem.Persistance", "src\Infrastructure\OnlineStoreSystem.Persistance\OnlineStoreSystem.Persistance.csproj", "{EF070758-3FC6-4266-90D5-190DD7A0915D}"
EndProject
Global
	GlobalSection(SolutionConfigurationPlatforms) = preSolution
		Debug|Any CPU = Debug|Any CPU
		Release|Any CPU = Release|Any CPU
	EndGlobalSection
	GlobalSection(ProjectConfigurationPlatforms) = postSolution
		{B9364B43-08FD-4331-A61F-47AF6861C95E}.Debug|Any CPU.ActiveCfg = Debug|Any CPU
		{B9364B43-08FD-4331-A61F-47AF6861C95E}.Debug|Any CPU.Build.0 = Debug|Any CPU
		{B9364B43-08FD-4331-A61F-47AF6861C95E}.Release|Any CPU.ActiveCfg = Release|Any CPU
		{B9364B43-08FD-4331-A61F-47AF6861C95E}.Release|Any CPU.Build.0 = Release|Any CPU
		{C6FD2525-6456-4F81-A49D-213F2C09C18D}.Debug|Any CPU.ActiveCfg = Debug|Any CPU
		{C6FD2525-6456-4F81-A49D-213F2C09C18D}.Debug|Any CPU.Build.0 = Debug|Any CPU
		{C6FD2525-6456-4F81-A49D-213F2C09C18D}.Release|Any CPU.ActiveCfg = Release|Any CPU
		{C6FD2525-6456-4F81-A49D-213F2C09C18D}.Release|Any CPU.Build.0 = Release|Any CPU
		{7FFBF6F7-A87F-4793-B831-A796D26BF8E0}.Debug|Any CPU.ActiveCfg = Debug|Any CPU
		{7FFBF6F7-A87F-4793-B831-A796D26BF8E0}.Debug|Any CPU.Build.0 = Debug|Any CPU
		{7FFBF6F7-A87F-4793-B831-A796D26BF8E0}.Release|Any CPU.ActiveCfg = Release|Any CPU
		{7FFBF6F7-A87F-4793-B831-A796D26BF8E0}.Release|Any CPU.Build.0 = Release|Any CPU
		{E2F2CD76-FC6A-4115-9F62-73B800C3DCE8}.Debug|Any CPU.ActiveCfg = Debug|Any CPU
		{E2F2CD76-FC6A-4115-9F62-73B800C3DCE8}.Debug|Any CPU.Build.0 = Debug|Any CPU
		{E2F2CD76-FC6A-4115-9F62-73B800C3DCE8}.Release|Any CPU.ActiveCfg = Release|Any CPU
		{E2F2CD76-FC6A-4115-9F62-73B800C3DCE8}.Release|Any CPU.Build.0 = Release|Any CPU
		{EF070758-3FC6-4266-90D5-190DD7A0915D}.Debug|Any CPU.ActiveCfg = Debug|Any CPU
		{EF070758-3FC6-4266-90D5-190DD7A0915D}.Debug|Any CPU.Build.0 = Debug|Any CPU
		{EF070758-3FC6-4266-90D5-190DD7A0915D}.Release|Any CPU.ActiveCfg = Release|Any CPU
		{EF070758-3FC6-4266-90D5-190DD7A0915D}.Release|Any CPU.Build.0 = Release|Any CPU
	EndGlobalSection
	GlobalSection(SolutionProperties) = preSolution
		HideSolutionNode = FALSE
	EndGlobalSection
	GlobalSection(NestedProjects) = preSolution
		{89B40265-99B9-486A-B15D-20168B865DA3} = {02EA681E-C7D8-13C7-8484-4AC65E1B71E8}
		{A431838A-A953-4363-B409-09D51650B240} = {02EA681E-C7D8-13C7-8484-4AC65E1B71E8}
		{7D2FC793-305E-4B6B-A3ED-2193C317745A} = {02EA681E-C7D8-13C7-8484-4AC65E1B71E8}
		{5323ED5B-8979-4331-B0A2-FE4BA0A9BB03} = {02EA681E-C7D8-13C7-8484-4AC65E1B71E8}
		{C6FD2525-6456-4F81-A49D-213F2C09C18D} = {89B40265-99B9-486A-B15D-20168B865DA3}
		{7FFBF6F7-A87F-4793-B831-A796D26BF8E0} = {A431838A-A953-4363-B409-09D51650B240}
		{E2F2CD76-FC6A-4115-9F62-73B800C3DCE8} = {A431838A-A953-4363-B409-09D51650B240}
		{EF070758-3FC6-4266-90D5-190DD7A0915D} = {7D2FC793-305E-4B6B-A3ED-2193C317745A}
	EndGlobalSection
	GlobalSection(ExtensibilityGlobals) = postSolution
		SolutionGuid = {D57E945D-7243-4168-880F-60AD46370533}
	EndGlobalSection
EndGlobal
